
Microsoft Visual Studio Solution File, Format Version 12.00
# Visual Studio Version 17
VisualStudioVersion = 17.7.34024.191
MinimumVisualStudioVersion = 10.0.40219.1
Project("{9A19103F-16F7-4668-BE54-9A1E7A4F7556}") = "EngagementApi", "EngagementApi\EngagementApi.csproj", "{B75CD81B-F061-4D59-9C8A-7B67AEC4046A}"
EndProject
Project("{9A19103F-16F7-4668-BE54-9A1E7A4F7556}") = "ExternalApi", "ExternalApi\ExternalApi.csproj", "{4AEB4E4C-FE38-48FD-8DDC-81700A8B2624}"
EndProject
Project("{9A19103F-16F7-4668-BE54-9A1E7A4F7556}") = "FeatureTemperature", "FeatureTemperature\FeatureTemperature.csproj", "{52C3371D-A2E0-4F8A-9963-6C74A22B2C0B}"
EndProject
Project("{9A19103F-16F7-4668-BE54-9A1E7A4F7556}") = "FetureTemperature.Integrationtest", "TestProjects\FetureTemperature.Integrationtest\FetureTemperature.Integrationtest.csproj", "{BA67B345-CCC8-4056-9477-7F526A0CB2C7}"
EndProject
Project("{9A19103F-16F7-4668-BE54-9A1E7A4F7556}") = "EngagementApi.Unittest", "EngagementApi.Unittest\EngagementApi.Unittest.csproj", "{BF618E73-DE07-474D-A4DA-C541092959A4}"
EndProject
Project("{2150E333-8FDC-42A3-9474-1A3956D46DE8}") = "ExplorativeTest", "ExplorativeTest", "{5D588013-3EE3-41D5-B718-CB37FA147767}"
EndProject
Project("{2150E333-8FDC-42A3-9474-1A3956D46DE8}") = "ExternalApiFoleder", "ExternalApiFoleder", "{E20D4997-8AFB-4195-B705-3FA3F05C8637}"
EndProject
Global
	GlobalSection(SolutionConfigurationPlatforms) = preSolution
		Debug|Any CPU = Debug|Any CPU
		Release|Any CPU = Release|Any CPU
	EndGlobalSection
	GlobalSection(ProjectConfigurationPlatforms) = postSolution
		{B75CD81B-F061-4D59-9C8A-7B67AEC4046A}.Debug|Any CPU.ActiveCfg = Debug|Any CPU
		{B75CD81B-F061-4D59-9C8A-7B67AEC4046A}.Debug|Any CPU.Build.0 = Debug|Any CPU
		{B75CD81B-F061-4D59-9C8A-7B67AEC4046A}.Release|Any CPU.ActiveCfg = Release|Any CPU
		{B75CD81B-F061-4D59-9C8A-7B67AEC4046A}.Release|Any CPU.Build.0 = Release|Any CPU
		{4AEB4E4C-FE38-48FD-8DDC-81700A8B2624}.Debug|Any CPU.ActiveCfg = Debug|Any CPU
		{4AEB4E4C-FE38-48FD-8DDC-81700A8B2624}.Debug|Any CPU.Build.0 = Debug|Any CPU
		{4AEB4E4C-FE38-48FD-8DDC-81700A8B2624}.Release|Any CPU.ActiveCfg = Release|Any CPU
		{4AEB4E4C-FE38-48FD-8DDC-81700A8B2624}.Release|Any CPU.Build.0 = Release|Any CPU
		{52C3371D-A2E0-4F8A-9963-6C74A22B2C0B}.Debug|Any CPU.ActiveCfg = Debug|Any CPU
		{52C3371D-A2E0-4F8A-9963-6C74A22B2C0B}.Debug|Any CPU.Build.0 = Debug|Any CPU
		{52C3371D-A2E0-4F8A-9963-6C74A22B2C0B}.Release|Any CPU.ActiveCfg = Release|Any CPU
		{52C3371D-A2E0-4F8A-9963-6C74A22B2C0B}.Release|Any CPU.Build.0 = Release|Any CPU
		{BA67B345-CCC8-4056-9477-7F526A0CB2C7}.Debug|Any CPU.ActiveCfg = Debug|Any CPU
		{BA67B345-CCC8-4056-9477-7F526A0CB2C7}.Debug|Any CPU.Build.0 = Debug|Any CPU
		{BA67B345-CCC8-4056-9477-7F526A0CB2C7}.Release|Any CPU.ActiveCfg = Release|Any CPU
		{BA67B345-CCC8-4056-9477-7F526A0CB2C7}.Release|Any CPU.Build.0 = Release|Any CPU
		{BF618E73-DE07-474D-A4DA-C541092959A4}.Debug|Any CPU.ActiveCfg = Debug|Any CPU
		{BF618E73-DE07-474D-A4DA-C541092959A4}.Debug|Any CPU.Build.0 = Debug|Any CPU
		{BF618E73-DE07-474D-A4DA-C541092959A4}.Release|Any CPU.ActiveCfg = Release|Any CPU
		{BF618E73-DE07-474D-A4DA-C541092959A4}.Release|Any CPU.Build.0 = Release|Any CPU
	EndGlobalSection
	GlobalSection(SolutionProperties) = preSolution
		HideSolutionNode = FALSE
	EndGlobalSection
	GlobalSection(NestedProjects) = preSolution
		{4AEB4E4C-FE38-48FD-8DDC-81700A8B2624} = {E20D4997-8AFB-4195-B705-3FA3F05C8637}
		{BA67B345-CCC8-4056-9477-7F526A0CB2C7} = {5D588013-3EE3-41D5-B718-CB37FA147767}
	EndGlobalSection
	GlobalSection(ExtensibilityGlobals) = postSolution
		SolutionGuid = {064F7AAB-26DC-48F4-BF95-638D29F17955}
	EndGlobalSection
EndGlobal
